// !$*UTF8*$!
{
	archiveVersion = 1;
	classes = {
	};
	objectVersion = 56;
	objects = {

/* Begin PBXBuildFile section */
		39197C8F2AF41B72000CFE50 /* LeetCodeSolutionsApp.swift in Sources */ = {isa = PBXBuildFile; fileRef = 39197C8E2AF41B72000CFE50 /* LeetCodeSolutionsApp.swift */; };
		39197C932AF41B76000CFE50 /* Assets.xcassets in Resources */ = {isa = PBXBuildFile; fileRef = 39197C922AF41B76000CFE50 /* Assets.xcassets */; };
		39197C962AF41B76000CFE50 /* Preview Assets.xcassets in Resources */ = {isa = PBXBuildFile; fileRef = 39197C952AF41B76000CFE50 /* Preview Assets.xcassets */; };
		39197C9E2AF4235B000CFE50 /* ValidPalindromSolution.swift in Sources */ = {isa = PBXBuildFile; fileRef = 39197C9D2AF4235B000CFE50 /* ValidPalindromSolution.swift */; };
		39197CA62AF4251D000CFE50 /* ValidPalindromTests.swift in Sources */ = {isa = PBXBuildFile; fileRef = 39197CA52AF4251D000CFE50 /* ValidPalindromTests.swift */; };
		39E8870D2AF5367C0057BBF5 /* TwoSumSorted.swift in Sources */ = {isa = PBXBuildFile; fileRef = 39E8870C2AF5367C0057BBF5 /* TwoSumSorted.swift */; };
		39E8870F2AF538300057BBF5 /* TwoSumSortedTests.swift in Sources */ = {isa = PBXBuildFile; fileRef = 39E8870E2AF538300057BBF5 /* TwoSumSortedTests.swift */; };
		39E887122AF5E1430057BBF5 /* isSubsequence.swift in Sources */ = {isa = PBXBuildFile; fileRef = 39E887112AF5E1430057BBF5 /* isSubsequence.swift */; };
		39E887142AF5E1650057BBF5 /* isSubsequenceTests.swift in Sources */ = {isa = PBXBuildFile; fileRef = 39E887132AF5E1650057BBF5 /* isSubsequenceTests.swift */; };
		39E887172AF5EE690057BBF5 /* ReverseString.swift in Sources */ = {isa = PBXBuildFile; fileRef = 39E887162AF5EE690057BBF5 /* ReverseString.swift */; };
		39E887192AF5EE9C0057BBF5 /* ReverseStringTests.swift in Sources */ = {isa = PBXBuildFile; fileRef = 39E887182AF5EE9B0057BBF5 /* ReverseStringTests.swift */; };
		39E8871C2AF6BB180057BBF5 /* SortedSquares.swift in Sources */ = {isa = PBXBuildFile; fileRef = 39E8871B2AF6BB180057BBF5 /* SortedSquares.swift */; };
		39E8871E2AF6BB700057BBF5 /* SortedSquaresTests.swift in Sources */ = {isa = PBXBuildFile; fileRef = 39E8871D2AF6BB700057BBF5 /* SortedSquaresTests.swift */; };
		39E887212AF745720057BBF5 /* MaxConsecutiveOnes.swift in Sources */ = {isa = PBXBuildFile; fileRef = 39E887202AF745720057BBF5 /* MaxConsecutiveOnes.swift */; };
		39E887242AF9926C0057BBF5 /* MaxConsecutiveOnesII.swift in Sources */ = {isa = PBXBuildFile; fileRef = 39E887232AF9926C0057BBF5 /* MaxConsecutiveOnesII.swift */; };
		39E887262AF992A40057BBF5 /* MaxConsecutiveOnesII.swift in Sources */ = {isa = PBXBuildFile; fileRef = 39E887252AF992A40057BBF5 /* MaxConsecutiveOnesII.swift */; };
		39E887292AF9BB300057BBF5 /* SubArraysLessThanK.swift in Sources */ = {isa = PBXBuildFile; fileRef = 39E887282AF9BB300057BBF5 /* SubArraysLessThanK.swift */; };
		39E8872B2AF9BB8C0057BBF5 /* SubArrayProductLessThanKTests.swift in Sources */ = {isa = PBXBuildFile; fileRef = 39E8872A2AF9BB8C0057BBF5 /* SubArrayProductLessThanKTests.swift */; };
/* End PBXBuildFile section */

/* Begin PBXContainerItemProxy section */
		39197CA72AF4251D000CFE50 /* PBXContainerItemProxy */ = {
			isa = PBXContainerItemProxy;
			containerPortal = 39197C832AF41B72000CFE50 /* Project object */;
			proxyType = 1;
			remoteGlobalIDString = 39197C8A2AF41B72000CFE50;
			remoteInfo = LeetCodeSolutions;
		};
/* End PBXContainerItemProxy section */

/* Begin PBXFileReference section */
		39197C8B2AF41B72000CFE50 /* LeetCodeSolutions.app */ = {isa = PBXFileReference; explicitFileType = wrapper.application; includeInIndex = 0; path = LeetCodeSolutions.app; sourceTree = BUILT_PRODUCTS_DIR; };
		39197C8E2AF41B72000CFE50 /* LeetCodeSolutionsApp.swift */ = {isa = PBXFileReference; lastKnownFileType = sourcecode.swift; path = LeetCodeSolutionsApp.swift; sourceTree = "<group>"; };
		39197C922AF41B76000CFE50 /* Assets.xcassets */ = {isa = PBXFileReference; lastKnownFileType = folder.assetcatalog; path = Assets.xcassets; sourceTree = "<group>"; };
		39197C952AF41B76000CFE50 /* Preview Assets.xcassets */ = {isa = PBXFileReference; lastKnownFileType = folder.assetcatalog; path = "Preview Assets.xcassets"; sourceTree = "<group>"; };
		39197C9D2AF4235B000CFE50 /* ValidPalindromSolution.swift */ = {isa = PBXFileReference; lastKnownFileType = sourcecode.swift; path = ValidPalindromSolution.swift; sourceTree = "<group>"; };
		39197CA32AF4251D000CFE50 /* LeetCodeSolutionsTests.xctest */ = {isa = PBXFileReference; explicitFileType = wrapper.cfbundle; includeInIndex = 0; path = LeetCodeSolutionsTests.xctest; sourceTree = BUILT_PRODUCTS_DIR; };
		39197CA52AF4251D000CFE50 /* ValidPalindromTests.swift */ = {isa = PBXFileReference; lastKnownFileType = sourcecode.swift; path = ValidPalindromTests.swift; sourceTree = "<group>"; };
		39E8870C2AF5367C0057BBF5 /* TwoSumSorted.swift */ = {isa = PBXFileReference; lastKnownFileType = sourcecode.swift; path = TwoSumSorted.swift; sourceTree = "<group>"; };
		39E8870E2AF538300057BBF5 /* TwoSumSortedTests.swift */ = {isa = PBXFileReference; lastKnownFileType = sourcecode.swift; path = TwoSumSortedTests.swift; sourceTree = "<group>"; };
		39E887112AF5E1430057BBF5 /* isSubsequence.swift */ = {isa = PBXFileReference; lastKnownFileType = sourcecode.swift; path = isSubsequence.swift; sourceTree = "<group>"; };
		39E887132AF5E1650057BBF5 /* isSubsequenceTests.swift */ = {isa = PBXFileReference; lastKnownFileType = sourcecode.swift; path = isSubsequenceTests.swift; sourceTree = "<group>"; };
		39E887162AF5EE690057BBF5 /* ReverseString.swift */ = {isa = PBXFileReference; lastKnownFileType = sourcecode.swift; path = ReverseString.swift; sourceTree = "<group>"; };
		39E887182AF5EE9B0057BBF5 /* ReverseStringTests.swift */ = {isa = PBXFileReference; lastKnownFileType = sourcecode.swift; path = ReverseStringTests.swift; sourceTree = "<group>"; };
		39E8871B2AF6BB180057BBF5 /* SortedSquares.swift */ = {isa = PBXFileReference; lastKnownFileType = sourcecode.swift; path = SortedSquares.swift; sourceTree = "<group>"; };
		39E8871D2AF6BB700057BBF5 /* SortedSquaresTests.swift */ = {isa = PBXFileReference; lastKnownFileType = sourcecode.swift; path = SortedSquaresTests.swift; sourceTree = "<group>"; };
		39E887202AF745720057BBF5 /* MaxConsecutiveOnes.swift */ = {isa = PBXFileReference; lastKnownFileType = sourcecode.swift; path = MaxConsecutiveOnes.swift; sourceTree = "<group>"; };
		39E887232AF9926C0057BBF5 /* MaxConsecutiveOnesII.swift */ = {isa = PBXFileReference; lastKnownFileType = sourcecode.swift; path = MaxConsecutiveOnesII.swift; sourceTree = "<group>"; };
		39E887252AF992A40057BBF5 /* MaxConsecutiveOnesII.swift */ = {isa = PBXFileReference; lastKnownFileType = sourcecode.swift; path = MaxConsecutiveOnesII.swift; sourceTree = "<group>"; };
		39E887282AF9BB300057BBF5 /* SubArraysLessThanK.swift */ = {isa = PBXFileReference; lastKnownFileType = sourcecode.swift; path = SubArraysLessThanK.swift; sourceTree = "<group>"; };
		39E8872A2AF9BB8C0057BBF5 /* SubArrayProductLessThanKTests.swift */ = {isa = PBXFileReference; lastKnownFileType = sourcecode.swift; path = SubArrayProductLessThanKTests.swift; sourceTree = "<group>"; };
/* End PBXFileReference section */

/* Begin PBXFrameworksBuildPhase section */
		39197C882AF41B72000CFE50 /* Frameworks */ = {
			isa = PBXFrameworksBuildPhase;
			buildActionMask = 2147483647;
			files = (
			);
			runOnlyForDeploymentPostprocessing = 0;
		};
		39197CA02AF4251D000CFE50 /* Frameworks */ = {
			isa = PBXFrameworksBuildPhase;
			buildActionMask = 2147483647;
			files = (
			);
			runOnlyForDeploymentPostprocessing = 0;
		};
/* End PBXFrameworksBuildPhase section */

/* Begin PBXGroup section */
		39197C822AF41B72000CFE50 = {
			isa = PBXGroup;
			children = (
				39197C8D2AF41B72000CFE50 /* LeetCodeSolutions */,
				39197CA42AF4251D000CFE50 /* LeetCodeSolutionsTests */,
				39197C8C2AF41B72000CFE50 /* Products */,
			);
			sourceTree = "<group>";
		};
		39197C8C2AF41B72000CFE50 /* Products */ = {
			isa = PBXGroup;
			children = (
				39197C8B2AF41B72000CFE50 /* LeetCodeSolutions.app */,
				39197CA32AF4251D000CFE50 /* LeetCodeSolutionsTests.xctest */,
			);
			name = Products;
			sourceTree = "<group>";
		};
		39197C8D2AF41B72000CFE50 /* LeetCodeSolutions */ = {
			isa = PBXGroup;
			children = (
				39E887272AF9BA9C0057BBF5 /* SubArray Product Less Than K */,
				39E887222AF992290057BBF5 /* MaxConsecutiveOnes || */,
				39E8871F2AF744FC0057BBF5 /* MaxConsecutiveOnes */,
				39E8871A2AF6BAE60057BBF5 /* SortedSquares */,
				39E887152AF5ECF20057BBF5 /* ReverseString */,
				39E887102AF5E1210057BBF5 /* isSubsequence */,
				39E8870B2AF536650057BBF5 /* TwoSumSorted */,
				39197C9C2AF41D02000CFE50 /* ValidPalindrome */,
				39197C8E2AF41B72000CFE50 /* LeetCodeSolutionsApp.swift */,
				39197C922AF41B76000CFE50 /* Assets.xcassets */,
				39197C942AF41B76000CFE50 /* Preview Content */,
			);
			path = LeetCodeSolutions;
			sourceTree = "<group>";
		};
		39197C942AF41B76000CFE50 /* Preview Content */ = {
			isa = PBXGroup;
			children = (
				39197C952AF41B76000CFE50 /* Preview Assets.xcassets */,
			);
			path = "Preview Content";
			sourceTree = "<group>";
		};
		39197C9C2AF41D02000CFE50 /* ValidPalindrome */ = {
			isa = PBXGroup;
			children = (
				39197C9D2AF4235B000CFE50 /* ValidPalindromSolution.swift */,
			);
			path = ValidPalindrome;
			sourceTree = "<group>";
		};
		39197CA42AF4251D000CFE50 /* LeetCodeSolutionsTests */ = {
			isa = PBXGroup;
			children = (
				39197CA52AF4251D000CFE50 /* ValidPalindromTests.swift */,
				39E8870E2AF538300057BBF5 /* TwoSumSortedTests.swift */,
				39E887132AF5E1650057BBF5 /* isSubsequenceTests.swift */,
				39E887182AF5EE9B0057BBF5 /* ReverseStringTests.swift */,
				39E8871D2AF6BB700057BBF5 /* SortedSquaresTests.swift */,
				39E887252AF992A40057BBF5 /* MaxConsecutiveOnesII.swift */,
				39E8872A2AF9BB8C0057BBF5 /* SubArrayProductLessThanKTests.swift */,
			);
			path = LeetCodeSolutionsTests;
			sourceTree = "<group>";
		};
		39E8870B2AF536650057BBF5 /* TwoSumSorted */ = {
			isa = PBXGroup;
			children = (
				39E8870C2AF5367C0057BBF5 /* TwoSumSorted.swift */,
			);
			path = TwoSumSorted;
			sourceTree = "<group>";
		};
		39E887102AF5E1210057BBF5 /* isSubsequence */ = {
			isa = PBXGroup;
			children = (
				39E887112AF5E1430057BBF5 /* isSubsequence.swift */,
			);
			path = isSubsequence;
			sourceTree = "<group>";
		};
		39E887152AF5ECF20057BBF5 /* ReverseString */ = {
			isa = PBXGroup;
			children = (
				39E887162AF5EE690057BBF5 /* ReverseString.swift */,
			);
			path = ReverseString;
			sourceTree = "<group>";
		};
		39E8871A2AF6BAE60057BBF5 /* SortedSquares */ = {
			isa = PBXGroup;
			children = (
				39E8871B2AF6BB180057BBF5 /* SortedSquares.swift */,
			);
			path = SortedSquares;
			sourceTree = "<group>";
		};
		39E8871F2AF744FC0057BBF5 /* MaxConsecutiveOnes */ = {
			isa = PBXGroup;
			children = (
				39E887202AF745720057BBF5 /* MaxConsecutiveOnes.swift */,
			);
			path = MaxConsecutiveOnes;
			sourceTree = "<group>";
		};
		39E887222AF992290057BBF5 /* MaxConsecutiveOnes || */ = {
			isa = PBXGroup;
			children = (
				39E887232AF9926C0057BBF5 /* MaxConsecutiveOnesII.swift */,
			);
			path = "MaxConsecutiveOnes ||";
			sourceTree = "<group>";
		};
		39E887272AF9BA9C0057BBF5 /* SubArray Product Less Than K */ = {
			isa = PBXGroup;
			children = (
				39E887282AF9BB300057BBF5 /* SubArraysLessThanK.swift */,
			);
			path = "SubArray Product Less Than K";
			sourceTree = "<group>";
		};
/* End PBXGroup section */

/* Begin PBXNativeTarget section */
		39197C8A2AF41B72000CFE50 /* LeetCodeSolutions */ = {
			isa = PBXNativeTarget;
			buildConfigurationList = 39197C992AF41B76000CFE50 /* Build configuration list for PBXNativeTarget "LeetCodeSolutions" */;
			buildPhases = (
				39197C872AF41B72000CFE50 /* Sources */,
				39197C882AF41B72000CFE50 /* Frameworks */,
				39197C892AF41B72000CFE50 /* Resources */,
			);
			buildRules = (
			);
			dependencies = (
			);
			name = LeetCodeSolutions;
			productName = LeetCodeSolutions;
			productReference = 39197C8B2AF41B72000CFE50 /* LeetCodeSolutions.app */;
			productType = "com.apple.product-type.application";
		};
		39197CA22AF4251D000CFE50 /* LeetCodeSolutionsTests */ = {
			isa = PBXNativeTarget;
			buildConfigurationList = 39197CA92AF4251D000CFE50 /* Build configuration list for PBXNativeTarget "LeetCodeSolutionsTests" */;
			buildPhases = (
				39197C9F2AF4251D000CFE50 /* Sources */,
				39197CA02AF4251D000CFE50 /* Frameworks */,
				39197CA12AF4251D000CFE50 /* Resources */,
			);
			buildRules = (
			);
			dependencies = (
				39197CA82AF4251D000CFE50 /* PBXTargetDependency */,
			);
			name = LeetCodeSolutionsTests;
			productName = LeetCodeSolutionsTests;
			productReference = 39197CA32AF4251D000CFE50 /* LeetCodeSolutionsTests.xctest */;
			productType = "com.apple.product-type.bundle.unit-test";
		};
/* End PBXNativeTarget section */

/* Begin PBXProject section */
		39197C832AF41B72000CFE50 /* Project object */ = {
			isa = PBXProject;
			attributes = {
				BuildIndependentTargetsInParallel = 1;
				LastSwiftUpdateCheck = 1430;
				LastUpgradeCheck = 1430;
				TargetAttributes = {
					39197C8A2AF41B72000CFE50 = {
						CreatedOnToolsVersion = 14.3.1;
					};
					39197CA22AF4251D000CFE50 = {
						CreatedOnToolsVersion = 14.3.1;
						TestTargetID = 39197C8A2AF41B72000CFE50;
					};
				};
			};
			buildConfigurationList = 39197C862AF41B72000CFE50 /* Build configuration list for PBXProject "LeetCodeSolutions" */;
			compatibilityVersion = "Xcode 14.0";
			developmentRegion = en;
			hasScannedForEncodings = 0;
			knownRegions = (
				en,
				Base,
			);
			mainGroup = 39197C822AF41B72000CFE50;
			productRefGroup = 39197C8C2AF41B72000CFE50 /* Products */;
			projectDirPath = "";
			projectRoot = "";
			targets = (
				39197C8A2AF41B72000CFE50 /* LeetCodeSolutions */,
				39197CA22AF4251D000CFE50 /* LeetCodeSolutionsTests */,
			);
		};
/* End PBXProject section */

/* Begin PBXResourcesBuildPhase section */
		39197C892AF41B72000CFE50 /* Resources */ = {
			isa = PBXResourcesBuildPhase;
			buildActionMask = 2147483647;
			files = (
				39197C962AF41B76000CFE50 /* Preview Assets.xcassets in Resources */,
				39197C932AF41B76000CFE50 /* Assets.xcassets in Resources */,
			);
			runOnlyForDeploymentPostprocessing = 0;
		};
		39197CA12AF4251D000CFE50 /* Resources */ = {
			isa = PBXResourcesBuildPhase;
			buildActionMask = 2147483647;
			files = (
			);
			runOnlyForDeploymentPostprocessing = 0;
		};
/* End PBXResourcesBuildPhase section */

/* Begin PBXSourcesBuildPhase section */
		39197C872AF41B72000CFE50 /* Sources */ = {
			isa = PBXSourcesBuildPhase;
			buildActionMask = 2147483647;
			files = (
				39E887172AF5EE690057BBF5 /* ReverseString.swift in Sources */,
				39E8871C2AF6BB180057BBF5 /* SortedSquares.swift in Sources */,
				39E887292AF9BB300057BBF5 /* SubArraysLessThanK.swift in Sources */,
				39E887242AF9926C0057BBF5 /* MaxConsecutiveOnesII.swift in Sources */,
				39197C9E2AF4235B000CFE50 /* ValidPalindromSolution.swift in Sources */,
				39E887122AF5E1430057BBF5 /* isSubsequence.swift in Sources */,
				39E8870D2AF5367C0057BBF5 /* TwoSumSorted.swift in Sources */,
				39E887212AF745720057BBF5 /* MaxConsecutiveOnes.swift in Sources */,
				39197C8F2AF41B72000CFE50 /* LeetCodeSolutionsApp.swift in Sources */,
			);
			runOnlyForDeploymentPostprocessing = 0;
		};
		39197C9F2AF4251D000CFE50 /* Sources */ = {
			isa = PBXSourcesBuildPhase;
			buildActionMask = 2147483647;
			files = (
				39E8871E2AF6BB700057BBF5 /* SortedSquaresTests.swift in Sources */,
				39197CA62AF4251D000CFE50 /* ValidPalindromTests.swift in Sources */,
				39E887262AF992A40057BBF5 /* MaxConsecutiveOnesII.swift in Sources */,
				39E8872B2AF9BB8C0057BBF5 /* SubArrayProductLessThanKTests.swift in Sources */,
				39E887192AF5EE9C0057BBF5 /* ReverseStringTests.swift in Sources */,
				39E8870F2AF538300057BBF5 /* TwoSumSortedTests.swift in Sources */,
				39E887142AF5E1650057BBF5 /* isSubsequenceTests.swift in Sources */,
			);
			runOnlyForDeploymentPostprocessing = 0;
		};
/* End PBXSourcesBuildPhase section */

/* Begin PBXTargetDependency section */
		39197CA82AF4251D000CFE50 /* PBXTargetDependency */ = {
			isa = PBXTargetDependency;
			target = 39197C8A2AF41B72000CFE50 /* LeetCodeSolutions */;
			targetProxy = 39197CA72AF4251D000CFE50 /* PBXContainerItemProxy */;
		};
/* End PBXTargetDependency section */

/* Begin XCBuildConfiguration section */
		39197C972AF41B76000CFE50 /* Debug */ = {
			isa = XCBuildConfiguration;
			buildSettings = {
				ALWAYS_SEARCH_USER_PATHS = NO;
				CLANG_ANALYZER_NONNULL = YES;
				CLANG_ANALYZER_NUMBER_OBJECT_CONVERSION = YES_AGGRESSIVE;
				CLANG_CXX_LANGUAGE_STANDARD = "gnu++20";
				CLANG_ENABLE_MODULES = YES;
				CLANG_ENABLE_OBJC_ARC = YES;
				CLANG_ENABLE_OBJC_WEAK = YES;
				CLANG_WARN_BLOCK_CAPTURE_AUTORELEASING = YES;
				CLANG_WARN_BOOL_CONVERSION = YES;
				CLANG_WARN_COMMA = YES;
				CLANG_WARN_CONSTANT_CONVERSION = YES;
				CLANG_WARN_DEPRECATED_OBJC_IMPLEMENTATIONS = YES;
				CLANG_WARN_DIRECT_OBJC_ISA_USAGE = YES_ERROR;
				CLANG_WARN_DOCUMENTATION_COMMENTS = YES;
				CLANG_WARN_EMPTY_BODY = YES;
				CLANG_WARN_ENUM_CONVERSION = YES;
				CLANG_WARN_INFINITE_RECURSION = YES;
				CLANG_WARN_INT_CONVERSION = YES;
				CLANG_WARN_NON_LITERAL_NULL_CONVERSION = YES;
				CLANG_WARN_OBJC_IMPLICIT_RETAIN_SELF = YES;
				CLANG_WARN_OBJC_LITERAL_CONVERSION = YES;
				CLANG_WARN_OBJC_ROOT_CLASS = YES_ERROR;
				CLANG_WARN_QUOTED_INCLUDE_IN_FRAMEWORK_HEADER = YES;
				CLANG_WARN_RANGE_LOOP_ANALYSIS = YES;
				CLANG_WARN_STRICT_PROTOTYPES = YES;
				CLANG_WARN_SUSPICIOUS_MOVE = YES;
				CLANG_WARN_UNGUARDED_AVAILABILITY = YES_AGGRESSIVE;
				CLANG_WARN_UNREACHABLE_CODE = YES;
				CLANG_WARN__DUPLICATE_METHOD_MATCH = YES;
				COPY_PHASE_STRIP = NO;
				DEBUG_INFORMATION_FORMAT = dwarf;
				ENABLE_STRICT_OBJC_MSGSEND = YES;
				ENABLE_TESTABILITY = YES;
				GCC_C_LANGUAGE_STANDARD = gnu11;
				GCC_DYNAMIC_NO_PIC = NO;
				GCC_NO_COMMON_BLOCKS = YES;
				GCC_OPTIMIZATION_LEVEL = 0;
				GCC_PREPROCESSOR_DEFINITIONS = (
					"DEBUG=1",
					"$(inherited)",
				);
				GCC_WARN_64_TO_32_BIT_CONVERSION = YES;
				GCC_WARN_ABOUT_RETURN_TYPE = YES_ERROR;
				GCC_WARN_UNDECLARED_SELECTOR = YES;
				GCC_WARN_UNINITIALIZED_AUTOS = YES_AGGRESSIVE;
				GCC_WARN_UNUSED_FUNCTION = YES;
				GCC_WARN_UNUSED_VARIABLE = YES;
				IPHONEOS_DEPLOYMENT_TARGET = 16.4;
				MTL_ENABLE_DEBUG_INFO = INCLUDE_SOURCE;
				MTL_FAST_MATH = YES;
				ONLY_ACTIVE_ARCH = YES;
				SDKROOT = iphoneos;
				SWIFT_ACTIVE_COMPILATION_CONDITIONS = DEBUG;
				SWIFT_OPTIMIZATION_LEVEL = "-Onone";
			};
			name = Debug;
		};
		39197C982AF41B76000CFE50 /* Release */ = {
			isa = XCBuildConfiguration;
			buildSettings = {
				ALWAYS_SEARCH_USER_PATHS = NO;
				CLANG_ANALYZER_NONNULL = YES;
				CLANG_ANALYZER_NUMBER_OBJECT_CONVERSION = YES_AGGRESSIVE;
				CLANG_CXX_LANGUAGE_STANDARD = "gnu++20";
				CLANG_ENABLE_MODULES = YES;
				CLANG_ENABLE_OBJC_ARC = YES;
				CLANG_ENABLE_OBJC_WEAK = YES;
				CLANG_WARN_BLOCK_CAPTURE_AUTORELEASING = YES;
				CLANG_WARN_BOOL_CONVERSION = YES;
				CLANG_WARN_COMMA = YES;
				CLANG_WARN_CONSTANT_CONVERSION = YES;
				CLANG_WARN_DEPRECATED_OBJC_IMPLEMENTATIONS = YES;
				CLANG_WARN_DIRECT_OBJC_ISA_USAGE = YES_ERROR;
				CLANG_WARN_DOCUMENTATION_COMMENTS = YES;
				CLANG_WARN_EMPTY_BODY = YES;
				CLANG_WARN_ENUM_CONVERSION = YES;
				CLANG_WARN_INFINITE_RECURSION = YES;
				CLANG_WARN_INT_CONVERSION = YES;
				CLANG_WARN_NON_LITERAL_NULL_CONVERSION = YES;
				CLANG_WARN_OBJC_IMPLICIT_RETAIN_SELF = YES;
				CLANG_WARN_OBJC_LITERAL_CONVERSION = YES;
				CLANG_WARN_OBJC_ROOT_CLASS = YES_ERROR;
				CLANG_WARN_QUOTED_INCLUDE_IN_FRAMEWORK_HEADER = YES;
				CLANG_WARN_RANGE_LOOP_ANALYSIS = YES;
				CLANG_WARN_STRICT_PROTOTYPES = YES;
				CLANG_WARN_SUSPICIOUS_MOVE = YES;
				CLANG_WARN_UNGUARDED_AVAILABILITY = YES_AGGRESSIVE;
				CLANG_WARN_UNREACHABLE_CODE = YES;
				CLANG_WARN__DUPLICATE_METHOD_MATCH = YES;
				COPY_PHASE_STRIP = NO;
				DEBUG_INFORMATION_FORMAT = "dwarf-with-dsym";
				ENABLE_NS_ASSERTIONS = NO;
				ENABLE_STRICT_OBJC_MSGSEND = YES;
				GCC_C_LANGUAGE_STANDARD = gnu11;
				GCC_NO_COMMON_BLOCKS = YES;
				GCC_WARN_64_TO_32_BIT_CONVERSION = YES;
				GCC_WARN_ABOUT_RETURN_TYPE = YES_ERROR;
				GCC_WARN_UNDECLARED_SELECTOR = YES;
				GCC_WARN_UNINITIALIZED_AUTOS = YES_AGGRESSIVE;
				GCC_WARN_UNUSED_FUNCTION = YES;
				GCC_WARN_UNUSED_VARIABLE = YES;
				IPHONEOS_DEPLOYMENT_TARGET = 16.4;
				MTL_ENABLE_DEBUG_INFO = NO;
				MTL_FAST_MATH = YES;
				SDKROOT = iphoneos;
				SWIFT_COMPILATION_MODE = wholemodule;
				SWIFT_OPTIMIZATION_LEVEL = "-O";
				VALIDATE_PRODUCT = YES;
			};
			name = Release;
		};
		39197C9A2AF41B76000CFE50 /* Debug */ = {
			isa = XCBuildConfiguration;
			buildSettings = {
				ASSETCATALOG_COMPILER_APPICON_NAME = AppIcon;
				ASSETCATALOG_COMPILER_GLOBAL_ACCENT_COLOR_NAME = AccentColor;
				CODE_SIGN_STYLE = Automatic;
				CURRENT_PROJECT_VERSION = 1;
				DEVELOPMENT_ASSET_PATHS = "\"LeetCodeSolutions/Preview Content\"";
				DEVELOPMENT_TEAM = J4WNCMKS3F;
				ENABLE_PREVIEWS = YES;
				GENERATE_INFOPLIST_FILE = YES;
				INFOPLIST_KEY_UIApplicationSceneManifest_Generation = YES;
				INFOPLIST_KEY_UIApplicationSupportsIndirectInputEvents = YES;
				INFOPLIST_KEY_UILaunchScreen_Generation = YES;
				INFOPLIST_KEY_UISupportedInterfaceOrientations_iPad = "UIInterfaceOrientationPortrait UIInterfaceOrientationPortraitUpsideDown UIInterfaceOrientationLandscapeLeft UIInterfaceOrientationLandscapeRight";
				INFOPLIST_KEY_UISupportedInterfaceOrientations_iPhone = "UIInterfaceOrientationPortrait UIInterfaceOrientationLandscapeLeft UIInterfaceOrientationLandscapeRight";
				LD_RUNPATH_SEARCH_PATHS = (
					"$(inherited)",
					"@executable_path/Frameworks",
				);
				MARKETING_VERSION = 1.0;
				PRODUCT_BUNDLE_IDENTIFIER = cnevans.96.LeetCodeSolutions;
				PRODUCT_NAME = "$(TARGET_NAME)";
				SWIFT_EMIT_LOC_STRINGS = YES;
				SWIFT_VERSION = 5.0;
				TARGETED_DEVICE_FAMILY = "1,2";
			};
			name = Debug;
		};
		39197C9B2AF41B76000CFE50 /* Release */ = {
			isa = XCBuildConfiguration;
			buildSettings = {
				ASSETCATALOG_COMPILER_APPICON_NAME = AppIcon;
				ASSETCATALOG_COMPILER_GLOBAL_ACCENT_COLOR_NAME = AccentColor;
				CODE_SIGN_STYLE = Automatic;
				CURRENT_PROJECT_VERSION = 1;
				DEVELOPMENT_ASSET_PATHS = "\"LeetCodeSolutions/Preview Content\"";
				DEVELOPMENT_TEAM = J4WNCMKS3F;
				ENABLE_PREVIEWS = YES;
				GENERATE_INFOPLIST_FILE = YES;
				INFOPLIST_KEY_UIApplicationSceneManifest_Generation = YES;
				INFOPLIST_KEY_UIApplicationSupportsIndirectInputEvents = YES;
				INFOPLIST_KEY_UILaunchScreen_Generation = YES;
				INFOPLIST_KEY_UISupportedInterfaceOrientations_iPad = "UIInterfaceOrientationPortrait UIInterfaceOrientationPortraitUpsideDown UIInterfaceOrientationLandscapeLeft UIInterfaceOrientationLandscapeRight";
				INFOPLIST_KEY_UISupportedInterfaceOrientations_iPhone = "UIInterfaceOrientationPortrait UIInterfaceOrientationLandscapeLeft UIInterfaceOrientationLandscapeRight";
				LD_RUNPATH_SEARCH_PATHS = (
					"$(inherited)",
					"@executable_path/Frameworks",
				);
				MARKETING_VERSION = 1.0;
				PRODUCT_BUNDLE_IDENTIFIER = cnevans.96.LeetCodeSolutions;
				PRODUCT_NAME = "$(TARGET_NAME)";
				SWIFT_EMIT_LOC_STRINGS = YES;
				SWIFT_VERSION = 5.0;
				TARGETED_DEVICE_FAMILY = "1,2";
			};
			name = Release;
		};
		39197CAA2AF4251D000CFE50 /* Debug */ = {
			isa = XCBuildConfiguration;
			buildSettings = {
				BUNDLE_LOADER = "$(TEST_HOST)";
				CODE_SIGN_STYLE = Automatic;
				CURRENT_PROJECT_VERSION = 1;
				DEVELOPMENT_TEAM = J4WNCMKS3F;
				GENERATE_INFOPLIST_FILE = YES;
				MARKETING_VERSION = 1.0;
				PRODUCT_BUNDLE_IDENTIFIER = cnevans.96.LeetCodeSolutionsTests;
				PRODUCT_NAME = "$(TARGET_NAME)";
				SWIFT_EMIT_LOC_STRINGS = NO;
				SWIFT_VERSION = 5.0;
				TARGETED_DEVICE_FAMILY = "1,2";
				TEST_HOST = "$(BUILT_PRODUCTS_DIR)/LeetCodeSolutions.app/$(BUNDLE_EXECUTABLE_FOLDER_PATH)/LeetCodeSolutions";
			};
			name = Debug;
		};
		39197CAB2AF4251D000CFE50 /* Release */ = {
			isa = XCBuildConfiguration;
			buildSettings = {
				BUNDLE_LOADER = "$(TEST_HOST)";
				CODE_SIGN_STYLE = Automatic;
				CURRENT_PROJECT_VERSION = 1;
				DEVELOPMENT_TEAM = J4WNCMKS3F;
				GENERATE_INFOPLIST_FILE = YES;
				MARKETING_VERSION = 1.0;
				PRODUCT_BUNDLE_IDENTIFIER = cnevans.96.LeetCodeSolutionsTests;
				PRODUCT_NAME = "$(TARGET_NAME)";
				SWIFT_EMIT_LOC_STRINGS = NO;
				SWIFT_VERSION = 5.0;
				TARGETED_DEVICE_FAMILY = "1,2";
				TEST_HOST = "$(BUILT_PRODUCTS_DIR)/LeetCodeSolutions.app/$(BUNDLE_EXECUTABLE_FOLDER_PATH)/LeetCodeSolutions";
			};
			name = Release;
		};
/* End XCBuildConfiguration section */

/* Begin XCConfigurationList section */
		39197C862AF41B72000CFE50 /* Build configuration list for PBXProject "LeetCodeSolutions" */ = {
			isa = XCConfigurationList;
			buildConfigurations = (
				39197C972AF41B76000CFE50 /* Debug */,
				39197C982AF41B76000CFE50 /* Release */,
			);
			defaultConfigurationIsVisible = 0;
			defaultConfigurationName = Release;
		};
		39197C992AF41B76000CFE50 /* Build configuration list for PBXNativeTarget "LeetCodeSolutions" */ = {
			isa = XCConfigurationList;
			buildConfigurations = (
				39197C9A2AF41B76000CFE50 /* Debug */,
				39197C9B2AF41B76000CFE50 /* Release */,
			);
			defaultConfigurationIsVisible = 0;
			defaultConfigurationName = Release;
		};
		39197CA92AF4251D000CFE50 /* Build configuration list for PBXNativeTarget "LeetCodeSolutionsTests" */ = {
			isa = XCConfigurationList;
			buildConfigurations = (
				39197CAA2AF4251D000CFE50 /* Debug */,
				39197CAB2AF4251D000CFE50 /* Release */,
			);
			defaultConfigurationIsVisible = 0;
			defaultConfigurationName = Release;
		};
/* End XCConfigurationList section */
	};
	rootObject = 39197C832AF41B72000CFE50 /* Project object */;
}
